
Microsoft Visual Studio Solution File, Format Version 12.00
# Visual Studio Version 16
VisualStudioVersion = 25.0.1706.8
MinimumVisualStudioVersion = 10.0.40219.1
Project("{FAE04EC0-301F-11D3-BF4B-00C04F79EFBC}") = "XamarinDemo2.UnitTests", "XamarinDemo2.UnitTests.csproj", "{D23D3532-57D4-4115-872E-86D1F06E7314}"
EndProject
Global
	GlobalSection(SolutionConfigurationPlatforms) = preSolution
		Debug|Any CPU = Debug|Any CPU
		Release|Any CPU = Release|Any CPU
	EndGlobalSection
	GlobalSection(ProjectConfigurationPlatforms) = postSolution
		{D23D3532-57D4-4115-872E-86D1F06E7314}.Debug|Any CPU.ActiveCfg = Debug|Any CPU
		{D23D3532-57D4-4115-872E-86D1F06E7314}.Debug|Any CPU.Build.0 = Debug|Any CPU
		{D23D3532-57D4-4115-872E-86D1F06E7314}.Release|Any CPU.ActiveCfg = Release|Any CPU
		{D23D3532-57D4-4115-872E-86D1F06E7314}.Release|Any CPU.Build.0 = Release|Any CPU
	EndGlobalSection
	GlobalSection(SolutionProperties) = preSolution
		HideSolutionNode = FALSE
	EndGlobalSection
	GlobalSection(ExtensibilityGlobals) = postSolution
		SolutionGuid = {1C272834-E716-4D11-8D86-D1EB1E679820}
	EndGlobalSection
EndGlobal
